
Microsoft Visual Studio Solution File, Format Version 12.00
# Visual Studio 15
VisualStudioVersion = 15.0.28307.329
MinimumVisualStudioVersion = 10.0.40219.1
Project("{FAE04EC0-301F-11D3-BF4B-00C04F79EFBC}") = "Deque", "Deque\Deque.csproj", "{110BD364-B07F-469A-9936-BFB072058167}"
EndProject
Global
	GlobalSection(SolutionConfigurationPlatforms) = preSolution
		Debug|Any CPU = Debug|Any CPU
		Release|Any CPU = Release|Any CPU
	EndGlobalSection
	GlobalSection(ProjectConfigurationPlatforms) = postSolution
		{110BD364-B07F-469A-9936-BFB072058167}.Debug|Any CPU.ActiveCfg = Debug|Any CPU
		{110BD364-B07F-469A-9936-BFB072058167}.Debug|Any CPU.Build.0 = Debug|Any CPU
		{110BD364-B07F-469A-9936-BFB072058167}.Release|Any CPU.ActiveCfg = Release|Any CPU
		{110BD364-B07F-469A-9936-BFB072058167}.Release|Any CPU.Build.0 = Release|Any CPU
	EndGlobalSection
	GlobalSection(SolutionProperties) = preSolution
		HideSolutionNode = FALSE
	EndGlobalSection
	GlobalSection(ExtensibilityGlobals) = postSolution
		SolutionGuid = {179ADF0B-F261-4B1F-A20C-4A553FDE34E6}
	EndGlobalSection
EndGlobal
